Microsoft Visual Studio Solution File, Format Version 12.00
# Visual Studio Version 17
VisualStudioVersion = 17.10.35013.160
MinimumVisualStudioVersion = 10.0.40219.1
Задание_12
Project("{FAE04EC0-301F-11D3-BF4B-00C04F79EFBC}") = "Задание12_1", "Задание12_1\Задание12_1.csproj", "{56267032-77A0-4D0A-ADC3-117ABFC709A3}"

 Задание_11
Project("{FAE04EC0-301F-11D3-BF4B-00C04F79EFBC}") = "Задание11_1", "Задание11_1\Задание11_1.csproj", "{2EFD398F-8A51-4D17-BDAF-26ADBC6D2532}"
EndProject
Project("{FAE04EC0-301F-11D3-BF4B-00C04F79EFBC}") = "Задание11_2", "Задание11_2\Задание11_2.csproj", "{396B1F7C-1485-48F5-B529-BA4DE907E55B}"

 Задание_10
Project("{FAE04EC0-301F-11D3-BF4B-00C04F79EFBC}") = "Задание10_1", "Задание10_1\Задание10_1.csproj", "{D193C479-0B4B-4FE1-8F73-55518E607F60}"

 Задание_9
Project("{FAE04EC0-301F-11D3-BF4B-00C04F79EFBC}") = "Задание9_1", "Задание9_1\Задание9_1.csproj", "{FD508D31-FE38-4231-A14C-3E13BEE777E9}"
EndProject
Project("{FAE04EC0-301F-11D3-BF4B-00C04F79EFBC}") = "Задание9_2", "Задание9_2\Задание9_2.csproj", "{6F5DFC4F-0FCE-4CFF-81E0-BEB25C3D4228}"

Задание_8
Project("{FAE04EC0-301F-11D3-BF4B-00C04F79EFBC}") = "Задание8_1", "Задание8_1\Задание8_1.csproj", "{F141849D-D1CC-42F2-AD80-45AC08D22C0F}"
EndProject
Project("{FAE04EC0-301F-11D3-BF4B-00C04F79EFBC}") = "Задание8_2", "Задание8_2\Задание8_2.csproj", "{CE3987B2-B994-4872-8893-C4DFEFAEFF58}"

Задание_7
Project("{FAE04EC0-301F-11D3-BF4B-00C04F79EFBC}") = "Задание7_1", "Задание7_1\Задание7_1.csproj", "{710CB68B-B97F-44AB-9991-DD8988B780EE}"
EndProject
Project("{FAE04EC0-301F-11D3-BF4B-00C04F79EFBC}") = "Задание7_2", "Задание7_2\Задание7_2.csproj", "{0296A4D8-2A8A-4C4B-83DD-1AFF834154CF}"
EndProject
Project("{FAE04EC0-301F-11D3-BF4B-00C04F79EFBC}") = "Задание7_3", "Задание7_3\Задание7_3.csproj", "{C1FE9A12-B4A4-448E-977E-1DFCD545285E}"
EndProject
Project("{FAE04EC0-301F-11D3-BF4B-00C04F79EFBC}") = "Задание7_4", "Задание7_4\Задание7_4.csproj", "{54B00A5B-250C-4C1D-BF96-364961065707}"
EndProject
Project("{FAE04EC0-301F-11D3-BF4B-00C04F79EFBC}") = "Задание7_5", "Задание7_5\Задание7_5.csproj", "{1C6EFF6A-FDA9-45C8-AD49-7078DC5FF733}"

 Задание_6
Project("{FAE04EC0-301F-11D3-BF4B-00C04F79EFBC}") = "Задание6_1", "Задание6_1\Задание6_1.csproj", "{7D1C8A60-E534-40B8-9286-4B3C1A86B448}"
EndProject
Project("{FAE04EC0-301F-11D3-BF4B-00C04F79EFBC}") = "Задание6_2", "Задание6_2\Задание6_2.csproj", "{29CC9272-7CEE-4B98-8B65-4B8F935882DC}"
Project("{FAE04EC0-301F-11D3-BF4B-00C04F79EFBC}") = "Задание2_1", "Задание2_1\Задание2_1.csproj", "{1CF24B66-1BFB-4851-9507-7955A47D8091}"
master
EndProject
Project("{FAE04EC0-301F-11D3-BF4B-00C04F79EFBC}") = "Задание6_3", "Задание6_3\Задание6_3.csproj", "{8E7C4DBD-4599-4899-8540-12B91882C12E}"
EndProject
Project("{FAE04EC0-301F-11D3-BF4B-00C04F79EFBC}") = "Задание6_4", "Задание6_4\Задание6_4.csproj", "{AEAFAD12-2000-4F06-A5D4-B17F3AA2030B}"
EndProject
Project("{FAE04EC0-301F-11D3-BF4B-00C04F79EFBC}") = "Задание6_5", "Задание6_5\Задание6_5.csproj", "{65313E15-0027-4000-9BF6-A035E1BD449C}"
EndProject
Project("{FAE04EC0-301F-11D3-BF4B-00C04F79EFBC}") = "Задание6_6", "Задание6_6\Задание6_6.csproj", "{FB74DCB9-60DE-49AF-8BD7-17968E0FFF9F}"
EndProject
Project("{FAE04EC0-301F-11D3-BF4B-00C04F79EFBC}") = "Задание3_1", "Задание3_1\Задание3_1.csproj", "{0098094A-293E-4F91-B8AB-C2E8056B22D0}"
EndProject
Project("{FAE04EC0-301F-11D3-BF4B-00C04F79EFBC}") = "Задание3_2", "Задание3_2\Задание3_2.csproj", "{8F5BFC56-C432-44A9-BCE7-DDD533DEE7C8}"
EndProject
Project("{FAE04EC0-301F-11D3-BF4B-00C04F79EFBC}") = "Задание3_3", "Задание3_3\Задание3_3.csproj", "{B647E95D-5C14-4C6E-9EA5-2537CE95AC46}"
EndProject
Project("{FAE04EC0-301F-11D3-BF4B-00C04F79EFBC}") = "Задание3_4", "Задание3_4\Задание3_4.csproj", "{E351293A-DE54-45CB-8AA7-76C690AC83A5}"
EndProject
Project("{FAE04EC0-301F-11D3-BF4B-00C04F79EFBC}") = "Задание3_5", "Задание3_5\Задание3_5.csproj", "{3CD6B9CD-B4E3-4268-AB9A-6A30540C6D8D}"
EndProject
Project("{FAE04EC0-301F-11D3-BF4B-00C04F79EFBC}") = "Задание3_6", "Задание3_6\Задание3_6.csproj", "{186CDF8D-4106-486D-8778-67A09754C753}"
EndProject
Project("{FAE04EC0-301F-11D3-BF4B-00C04F79EFBC}") = "Задание3_7", "Задание3_7\Задание3_7.csproj", "{5A1AA5CC-1386-42F5-B83F-0F159D97C3DE}"
EndProject
Project("{FAE04EC0-301F-11D3-BF4B-00C04F79EFBC}") = "Задание3_8", "Задание3_8\Задание3_8.csproj", "{8EA30C5C-CBF1-4DDB-BA2D-CC27CD7A7D9E}"
EndProject
Project("{FAE04EC0-301F-11D3-BF4B-00C04F79EFBC}") = "Задание3_9", "Задание3_9\Задание3_9.csproj", "{BFB41712-0572-44FA-9FEF-BAC9C342C447}"
EndProject
Project("{FAE04EC0-301F-11D3-BF4B-00C04F79EFBC}") = "Задание3_10", "Задание3_10\Задание3_10.csproj", "{A21507DC-D616-4624-A1AD-18008D763D71}"
EndProject
Project("{FAE04EC0-301F-11D3-BF4B-00C04F79EFBC}") = "Задание3_11", "Задание3_11\Задание3_11.csproj", "{DC12EB32-FF23-45AF-8C77-201F99809C84}"
EndProject
Project("{FAE04EC0-301F-11D3-BF4B-00C04F79EFBC}") = "Задание4_1", "Задание4_1\Задание4_1.csproj", "{9D179E91-2AFC-4D14-ADE8-1BCC904D3886}"
EndProject
Project("{FAE04EC0-301F-11D3-BF4B-00C04F79EFBC}") = "Задание4_2", "Задание4_2\Задание4_2.csproj", "{3E68906E-EF5E-4F40-8A76-753E99961920}"
EndProject
Project("{FAE04EC0-301F-11D3-BF4B-00C04F79EFBC}") = "Задание4_3", "Задание4_3\Задание4_3.csproj", "{8D48DBA9-9A29-4E11-A640-D0A48F5D203E}"
EndProject
Project("{FAE04EC0-301F-11D3-BF4B-00C04F79EFBC}") = "Задание4_4", "Задание4_4\Задание4_4.csproj", "{5CB17C72-0615-4780-ABA9-A44BA7E4D894}"
EndProject
Project("{FAE04EC0-301F-11D3-BF4B-00C04F79EFBC}") = "Задание4_5", "Задание4_5\Задание4_5.csproj", "{E1C04AC7-3002-4738-95C8-ACBA3F696071}"
EndProject
Project("{FAE04EC0-301F-11D3-BF4B-00C04F79EFBC}") = "Задание4_6", "Задание4_6\Задание4_6.csproj", "{7536D5E8-D494-4936-B208-F3747C37CBD6}"
EndProject
Project("{FAE04EC0-301F-11D3-BF4B-00C04F79EFBC}") = "Задание4_7", "Задание4_7\Задание4_7.csproj", "{5CA28451-26E0-4DAC-BE67-65559C429ED6}"
EndProject
Project("{FAE04EC0-301F-11D3-BF4B-00C04F79EFBC}") = "Задание4_8", "Задание4_8\Задание4_8.csproj", "{5264756B-96DF-4707-93DA-982ECE0D990D}"
master
master
 master
 master
 master
master
EndProject
Global
	GlobalSection(SolutionConfigurationPlatforms) = preSolution
		Debug|Any CPU = Debug|Any CPU
		Release|Any CPU = Release|Any CPU
	EndGlobalSection
	GlobalSection(ProjectConfigurationPlatforms) = postSolution
 Задание_12
		{56267032-77A0-4D0A-ADC3-117ABFC709A3}.Debug|Any CPU.ActiveCfg = Debug|Any CPU
		{56267032-77A0-4D0A-ADC3-117ABFC709A3}.Debug|Any CPU.Build.0 = Debug|Any CPU
		{56267032-77A0-4D0A-ADC3-117ABFC709A3}.Release|Any CPU.ActiveCfg = Release|Any CPU
		{56267032-77A0-4D0A-ADC3-117ABFC709A3}.Release|Any CPU.Build.0 = Release|Any CPU

 Задание_11
		{2EFD398F-8A51-4D17-BDAF-26ADBC6D2532}.Debug|Any CPU.ActiveCfg = Debug|Any CPU
		{2EFD398F-8A51-4D17-BDAF-26ADBC6D2532}.Debug|Any CPU.Build.0 = Debug|Any CPU
		{2EFD398F-8A51-4D17-BDAF-26ADBC6D2532}.Release|Any CPU.ActiveCfg = Release|Any CPU
		{2EFD398F-8A51-4D17-BDAF-26ADBC6D2532}.Release|Any CPU.Build.0 = Release|Any CPU
		{396B1F7C-1485-48F5-B529-BA4DE907E55B}.Debug|Any CPU.ActiveCfg = Debug|Any CPU
		{396B1F7C-1485-48F5-B529-BA4DE907E55B}.Debug|Any CPU.Build.0 = Debug|Any CPU
		{396B1F7C-1485-48F5-B529-BA4DE907E55B}.Release|Any CPU.ActiveCfg = Release|Any CPU
		{396B1F7C-1485-48F5-B529-BA4DE907E55B}.Release|Any CPU.Build.0 = Release|Any CPU
=======
Задание_10
		{D193C479-0B4B-4FE1-8F73-55518E607F60}.Debug|Any CPU.ActiveCfg = Debug|Any CPU
		{D193C479-0B4B-4FE1-8F73-55518E607F60}.Debug|Any CPU.Build.0 = Debug|Any CPU
		{D193C479-0B4B-4FE1-8F73-55518E607F60}.Release|Any CPU.ActiveCfg = Release|Any CPU
		{D193C479-0B4B-4FE1-8F73-55518E607F60}.Release|Any CPU.Build.0 = Release|Any CPU

 Задание_9
		{FD508D31-FE38-4231-A14C-3E13BEE777E9}.Debug|Any CPU.ActiveCfg = Debug|Any CPU
		{FD508D31-FE38-4231-A14C-3E13BEE777E9}.Debug|Any CPU.Build.0 = Debug|Any CPU
		{FD508D31-FE38-4231-A14C-3E13BEE777E9}.Release|Any CPU.ActiveCfg = Release|Any CPU
		{FD508D31-FE38-4231-A14C-3E13BEE777E9}.Release|Any CPU.Build.0 = Release|Any CPU
		{6F5DFC4F-0FCE-4CFF-81E0-BEB25C3D4228}.Debug|Any CPU.ActiveCfg = Debug|Any CPU
		{6F5DFC4F-0FCE-4CFF-81E0-BEB25C3D4228}.Debug|Any CPU.Build.0 = Debug|Any CPU
		{6F5DFC4F-0FCE-4CFF-81E0-BEB25C3D4228}.Release|Any CPU.ActiveCfg = Release|Any CPU
		{6F5DFC4F-0FCE-4CFF-81E0-BEB25C3D4228}.Release|Any CPU.Build.0 = Release|Any CPU

 Задание_8
		{F141849D-D1CC-42F2-AD80-45AC08D22C0F}.Debug|Any CPU.ActiveCfg = Debug|Any CPU
		{F141849D-D1CC-42F2-AD80-45AC08D22C0F}.Debug|Any CPU.Build.0 = Debug|Any CPU
		{F141849D-D1CC-42F2-AD80-45AC08D22C0F}.Release|Any CPU.ActiveCfg = Release|Any CPU
		{F141849D-D1CC-42F2-AD80-45AC08D22C0F}.Release|Any CPU.Build.0 = Release|Any CPU
		{CE3987B2-B994-4872-8893-C4DFEFAEFF58}.Debug|Any CPU.ActiveCfg = Debug|Any CPU
		{CE3987B2-B994-4872-8893-C4DFEFAEFF58}.Debug|Any CPU.Build.0 = Debug|Any CPU
		{CE3987B2-B994-4872-8893-C4DFEFAEFF58}.Release|Any CPU.ActiveCfg = Release|Any CPU
		{CE3987B2-B994-4872-8893-C4DFEFAEFF58}.Release|Any CPU.Build.0 = Release|Any CPU

Задание_7
		{710CB68B-B97F-44AB-9991-DD8988B780EE}.Debug|Any CPU.ActiveCfg = Debug|Any CPU
		{710CB68B-B97F-44AB-9991-DD8988B780EE}.Debug|Any CPU.Build.0 = Debug|Any CPU
		{710CB68B-B97F-44AB-9991-DD8988B780EE}.Release|Any CPU.ActiveCfg = Release|Any CPU
		{710CB68B-B97F-44AB-9991-DD8988B780EE}.Release|Any CPU.Build.0 = Release|Any CPU
		{0296A4D8-2A8A-4C4B-83DD-1AFF834154CF}.Debug|Any CPU.ActiveCfg = Debug|Any CPU
		{0296A4D8-2A8A-4C4B-83DD-1AFF834154CF}.Debug|Any CPU.Build.0 = Debug|Any CPU
		{0296A4D8-2A8A-4C4B-83DD-1AFF834154CF}.Release|Any CPU.ActiveCfg = Release|Any CPU
		{0296A4D8-2A8A-4C4B-83DD-1AFF834154CF}.Release|Any CPU.Build.0 = Release|Any CPU
		{C1FE9A12-B4A4-448E-977E-1DFCD545285E}.Debug|Any CPU.ActiveCfg = Debug|Any CPU
		{C1FE9A12-B4A4-448E-977E-1DFCD545285E}.Debug|Any CPU.Build.0 = Debug|Any CPU
		{C1FE9A12-B4A4-448E-977E-1DFCD545285E}.Release|Any CPU.ActiveCfg = Release|Any CPU
		{C1FE9A12-B4A4-448E-977E-1DFCD545285E}.Release|Any CPU.Build.0 = Release|Any CPU
		{54B00A5B-250C-4C1D-BF96-364961065707}.Debug|Any CPU.ActiveCfg = Debug|Any CPU
		{54B00A5B-250C-4C1D-BF96-364961065707}.Debug|Any CPU.Build.0 = Debug|Any CPU
		{54B00A5B-250C-4C1D-BF96-364961065707}.Release|Any CPU.ActiveCfg = Release|Any CPU
		{54B00A5B-250C-4C1D-BF96-364961065707}.Release|Any CPU.Build.0 = Release|Any CPU
		{1C6EFF6A-FDA9-45C8-AD49-7078DC5FF733}.Debug|Any CPU.ActiveCfg = Debug|Any CPU
		{1C6EFF6A-FDA9-45C8-AD49-7078DC5FF733}.Debug|Any CPU.Build.0 = Debug|Any CPU
		{1C6EFF6A-FDA9-45C8-AD49-7078DC5FF733}.Release|Any CPU.ActiveCfg = Release|Any CPU
		{1C6EFF6A-FDA9-45C8-AD49-7078DC5FF733}.Release|Any CPU.Build.0 = Release|Any CPU

Задание_6
		{7D1C8A60-E534-40B8-9286-4B3C1A86B448}.Debug|Any CPU.ActiveCfg = Debug|Any CPU
		{7D1C8A60-E534-40B8-9286-4B3C1A86B448}.Debug|Any CPU.Build.0 = Debug|Any CPU
		{7D1C8A60-E534-40B8-9286-4B3C1A86B448}.Release|Any CPU.ActiveCfg = Release|Any CPU
		{7D1C8A60-E534-40B8-9286-4B3C1A86B448}.Release|Any CPU.Build.0 = Release|Any CPU
		{29CC9272-7CEE-4B98-8B65-4B8F935882DC}.Debug|Any CPU.ActiveCfg = Debug|Any CPU
		{29CC9272-7CEE-4B98-8B65-4B8F935882DC}.Debug|Any CPU.Build.0 = Debug|Any CPU
		{29CC9272-7CEE-4B98-8B65-4B8F935882DC}.Release|Any CPU.ActiveCfg = Release|Any CPU
		{29CC9272-7CEE-4B98-8B65-4B8F935882DC}.Release|Any CPU.Build.0 = Release|Any CPU
		{8E7C4DBD-4599-4899-8540-12B91882C12E}.Debug|Any CPU.ActiveCfg = Debug|Any CPU
		{8E7C4DBD-4599-4899-8540-12B91882C12E}.Debug|Any CPU.Build.0 = Debug|Any CPU
		{8E7C4DBD-4599-4899-8540-12B91882C12E}.Release|Any CPU.ActiveCfg = Release|Any CPU
		{8E7C4DBD-4599-4899-8540-12B91882C12E}.Release|Any CPU.Build.0 = Release|Any CPU
		{AEAFAD12-2000-4F06-A5D4-B17F3AA2030B}.Debug|Any CPU.ActiveCfg = Debug|Any CPU
		{AEAFAD12-2000-4F06-A5D4-B17F3AA2030B}.Debug|Any CPU.Build.0 = Debug|Any CPU
		{AEAFAD12-2000-4F06-A5D4-B17F3AA2030B}.Release|Any CPU.ActiveCfg = Release|Any CPU
		{AEAFAD12-2000-4F06-A5D4-B17F3AA2030B}.Release|Any CPU.Build.0 = Release|Any CPU
		{65313E15-0027-4000-9BF6-A035E1BD449C}.Debug|Any CPU.ActiveCfg = Debug|Any CPU
		{65313E15-0027-4000-9BF6-A035E1BD449C}.Debug|Any CPU.Build.0 = Debug|Any CPU
		{65313E15-0027-4000-9BF6-A035E1BD449C}.Release|Any CPU.ActiveCfg = Release|Any CPU
		{65313E15-0027-4000-9BF6-A035E1BD449C}.Release|Any CPU.Build.0 = Release|Any CPU
		{FB74DCB9-60DE-49AF-8BD7-17968E0FFF9F}.Debug|Any CPU.ActiveCfg = Debug|Any CPU
		{FB74DCB9-60DE-49AF-8BD7-17968E0FFF9F}.Debug|Any CPU.Build.0 = Debug|Any CPU
		{FB74DCB9-60DE-49AF-8BD7-17968E0FFF9F}.Release|Any CPU.ActiveCfg = Release|Any CPU
		{FB74DCB9-60DE-49AF-8BD7-17968E0FFF9F}.Release|Any CPU.Build.0 = Release|Any CPU
		{1CF24B66-1BFB-4851-9507-7955A47D8091}.Debug|Any CPU.ActiveCfg = Debug|Any CPU
		{1CF24B66-1BFB-4851-9507-7955A47D8091}.Debug|Any CPU.Build.0 = Debug|Any CPU
		{1CF24B66-1BFB-4851-9507-7955A47D8091}.Release|Any CPU.ActiveCfg = Release|Any CPU
		{1CF24B66-1BFB-4851-9507-7955A47D8091}.Release|Any CPU.Build.0 = Release|Any CPU
		{98D65C74-E2A8-4406-ABBA-78B75123C6E5}.Debug|Any CPU.ActiveCfg = Debug|Any CPU
		{98D65C74-E2A8-4406-ABBA-78B75123C6E5}.Debug|Any CPU.Build.0 = Debug|Any CPU
		{98D65C74-E2A8-4406-ABBA-78B75123C6E5}.Release|Any CPU.ActiveCfg = Release|Any CPU
		{98D65C74-E2A8-4406-ABBA-78B75123C6E5}.Release|Any CPU.Build.0 = Release|Any CPU
		{33CD0E18-7AB4-4B43-B9B4-71E97E81ED3A}.Debug|Any CPU.ActiveCfg = Debug|Any CPU
		{33CD0E18-7AB4-4B43-B9B4-71E97E81ED3A}.Debug|Any CPU.Build.0 = Debug|Any CPU
		{33CD0E18-7AB4-4B43-B9B4-71E97E81ED3A}.Release|Any CPU.ActiveCfg = Release|Any CPU
		{33CD0E18-7AB4-4B43-B9B4-71E97E81ED3A}.Release|Any CPU.Build.0 = Release|Any CPU
		{EFC37BEE-33EC-41F7-9B40-B342620ADFE5}.Debug|Any CPU.ActiveCfg = Debug|Any CPU
		{EFC37BEE-33EC-41F7-9B40-B342620ADFE5}.Debug|Any CPU.Build.0 = Debug|Any CPU
		{EFC37BEE-33EC-41F7-9B40-B342620ADFE5}.Release|Any CPU.ActiveCfg = Release|Any CPU
		{EFC37BEE-33EC-41F7-9B40-B342620ADFE5}.Release|Any CPU.Build.0 = Release|Any CPU
		{E4C4DB42-0765-4839-BD9B-C31EACD2BE58}.Debug|Any CPU.ActiveCfg = Debug|Any CPU
		{E4C4DB42-0765-4839-BD9B-C31EACD2BE58}.Debug|Any CPU.Build.0 = Debug|Any CPU
		{E4C4DB42-0765-4839-BD9B-C31EACD2BE58}.Release|Any CPU.ActiveCfg = Release|Any CPU
		{E4C4DB42-0765-4839-BD9B-C31EACD2BE58}.Release|Any CPU.Build.0 = Release|Any CPU
		{00FDD48A-0C8F-4F81-9054-9A3F3C134CB3}.Debug|Any CPU.ActiveCfg = Debug|Any CPU
		{00FDD48A-0C8F-4F81-9054-9A3F3C134CB3}.Debug|Any CPU.Build.0 = Debug|Any CPU
		{00FDD48A-0C8F-4F81-9054-9A3F3C134CB3}.Release|Any CPU.ActiveCfg = Release|Any CPU
		{00FDD48A-0C8F-4F81-9054-9A3F3C134CB3}.Release|Any CPU.Build.0 = Release|Any CPU
		{BDB51C78-6FC0-4309-A1C8-9844228F6430}.Debug|Any CPU.ActiveCfg = Debug|Any CPU
		{BDB51C78-6FC0-4309-A1C8-9844228F6430}.Debug|Any CPU.Build.0 = Debug|Any CPU
		{BDB51C78-6FC0-4309-A1C8-9844228F6430}.Release|Any CPU.ActiveCfg = Release|Any CPU
		{BDB51C78-6FC0-4309-A1C8-9844228F6430}.Release|Any CPU.Build.0 = Release|Any CPU
		{0098094A-293E-4F91-B8AB-C2E8056B22D0}.Debug|Any CPU.ActiveCfg = Debug|Any CPU
		{0098094A-293E-4F91-B8AB-C2E8056B22D0}.Debug|Any CPU.Build.0 = Debug|Any CPU
		{0098094A-293E-4F91-B8AB-C2E8056B22D0}.Release|Any CPU.ActiveCfg = Release|Any CPU
		{0098094A-293E-4F91-B8AB-C2E8056B22D0}.Release|Any CPU.Build.0 = Release|Any CPU
		{8F5BFC56-C432-44A9-BCE7-DDD533DEE7C8}.Debug|Any CPU.ActiveCfg = Debug|Any CPU
		{8F5BFC56-C432-44A9-BCE7-DDD533DEE7C8}.Debug|Any CPU.Build.0 = Debug|Any CPU
		{8F5BFC56-C432-44A9-BCE7-DDD533DEE7C8}.Release|Any CPU.ActiveCfg = Release|Any CPU
		{8F5BFC56-C432-44A9-BCE7-DDD533DEE7C8}.Release|Any CPU.Build.0 = Release|Any CPU
		{B647E95D-5C14-4C6E-9EA5-2537CE95AC46}.Debug|Any CPU.ActiveCfg = Debug|Any CPU
		{B647E95D-5C14-4C6E-9EA5-2537CE95AC46}.Debug|Any CPU.Build.0 = Debug|Any CPU
		{B647E95D-5C14-4C6E-9EA5-2537CE95AC46}.Release|Any CPU.ActiveCfg = Release|Any CPU
		{B647E95D-5C14-4C6E-9EA5-2537CE95AC46}.Release|Any CPU.Build.0 = Release|Any CPU
		{E351293A-DE54-45CB-8AA7-76C690AC83A5}.Debug|Any CPU.ActiveCfg = Debug|Any CPU
		{E351293A-DE54-45CB-8AA7-76C690AC83A5}.Debug|Any CPU.Build.0 = Debug|Any CPU
		{E351293A-DE54-45CB-8AA7-76C690AC83A5}.Release|Any CPU.ActiveCfg = Release|Any CPU
		{E351293A-DE54-45CB-8AA7-76C690AC83A5}.Release|Any CPU.Build.0 = Release|Any CPU
		{3CD6B9CD-B4E3-4268-AB9A-6A30540C6D8D}.Debug|Any CPU.ActiveCfg = Debug|Any CPU
		{3CD6B9CD-B4E3-4268-AB9A-6A30540C6D8D}.Debug|Any CPU.Build.0 = Debug|Any CPU
		{3CD6B9CD-B4E3-4268-AB9A-6A30540C6D8D}.Release|Any CPU.ActiveCfg = Release|Any CPU
		{3CD6B9CD-B4E3-4268-AB9A-6A30540C6D8D}.Release|Any CPU.Build.0 = Release|Any CPU
		{186CDF8D-4106-486D-8778-67A09754C753}.Debug|Any CPU.ActiveCfg = Debug|Any CPU
		{186CDF8D-4106-486D-8778-67A09754C753}.Debug|Any CPU.Build.0 = Debug|Any CPU
		{186CDF8D-4106-486D-8778-67A09754C753}.Release|Any CPU.ActiveCfg = Release|Any CPU
		{186CDF8D-4106-486D-8778-67A09754C753}.Release|Any CPU.Build.0 = Release|Any CPU
		{5A1AA5CC-1386-42F5-B83F-0F159D97C3DE}.Debug|Any CPU.ActiveCfg = Debug|Any CPU
		{5A1AA5CC-1386-42F5-B83F-0F159D97C3DE}.Debug|Any CPU.Build.0 = Debug|Any CPU
		{5A1AA5CC-1386-42F5-B83F-0F159D97C3DE}.Release|Any CPU.ActiveCfg = Release|Any CPU
		{5A1AA5CC-1386-42F5-B83F-0F159D97C3DE}.Release|Any CPU.Build.0 = Release|Any CPU
		{8EA30C5C-CBF1-4DDB-BA2D-CC27CD7A7D9E}.Debug|Any CPU.ActiveCfg = Debug|Any CPU
		{8EA30C5C-CBF1-4DDB-BA2D-CC27CD7A7D9E}.Debug|Any CPU.Build.0 = Debug|Any CPU
		{8EA30C5C-CBF1-4DDB-BA2D-CC27CD7A7D9E}.Release|Any CPU.ActiveCfg = Release|Any CPU
		{8EA30C5C-CBF1-4DDB-BA2D-CC27CD7A7D9E}.Release|Any CPU.Build.0 = Release|Any CPU
		{BFB41712-0572-44FA-9FEF-BAC9C342C447}.Debug|Any CPU.ActiveCfg = Debug|Any CPU
		{BFB41712-0572-44FA-9FEF-BAC9C342C447}.Debug|Any CPU.Build.0 = Debug|Any CPU
		{BFB41712-0572-44FA-9FEF-BAC9C342C447}.Release|Any CPU.ActiveCfg = Release|Any CPU
		{BFB41712-0572-44FA-9FEF-BAC9C342C447}.Release|Any CPU.Build.0 = Release|Any CPU
		{A21507DC-D616-4624-A1AD-18008D763D71}.Debug|Any CPU.ActiveCfg = Debug|Any CPU
		{A21507DC-D616-4624-A1AD-18008D763D71}.Debug|Any CPU.Build.0 = Debug|Any CPU
		{A21507DC-D616-4624-A1AD-18008D763D71}.Release|Any CPU.ActiveCfg = Release|Any CPU
		{A21507DC-D616-4624-A1AD-18008D763D71}.Release|Any CPU.Build.0 = Release|Any CPU
		{DC12EB32-FF23-45AF-8C77-201F99809C84}.Debug|Any CPU.ActiveCfg = Debug|Any CPU
		{DC12EB32-FF23-45AF-8C77-201F99809C84}.Debug|Any CPU.Build.0 = Debug|Any CPU
		{DC12EB32-FF23-45AF-8C77-201F99809C84}.Release|Any CPU.ActiveCfg = Release|Any CPU
		{DC12EB32-FF23-45AF-8C77-201F99809C84}.Release|Any CPU.Build.0 = Release|Any CPU
		{9D179E91-2AFC-4D14-ADE8-1BCC904D3886}.Debug|Any CPU.ActiveCfg = Debug|Any CPU
		{9D179E91-2AFC-4D14-ADE8-1BCC904D3886}.Debug|Any CPU.Build.0 = Debug|Any CPU
		{9D179E91-2AFC-4D14-ADE8-1BCC904D3886}.Release|Any CPU.ActiveCfg = Release|Any CPU
		{9D179E91-2AFC-4D14-ADE8-1BCC904D3886}.Release|Any CPU.Build.0 = Release|Any CPU
		{3E68906E-EF5E-4F40-8A76-753E99961920}.Debug|Any CPU.ActiveCfg = Debug|Any CPU
		{3E68906E-EF5E-4F40-8A76-753E99961920}.Debug|Any CPU.Build.0 = Debug|Any CPU
		{3E68906E-EF5E-4F40-8A76-753E99961920}.Release|Any CPU.ActiveCfg = Release|Any CPU
		{3E68906E-EF5E-4F40-8A76-753E99961920}.Release|Any CPU.Build.0 = Release|Any CPU
		{8D48DBA9-9A29-4E11-A640-D0A48F5D203E}.Debug|Any CPU.ActiveCfg = Debug|Any CPU
		{8D48DBA9-9A29-4E11-A640-D0A48F5D203E}.Debug|Any CPU.Build.0 = Debug|Any CPU
		{8D48DBA9-9A29-4E11-A640-D0A48F5D203E}.Release|Any CPU.ActiveCfg = Release|Any CPU
		{8D48DBA9-9A29-4E11-A640-D0A48F5D203E}.Release|Any CPU.Build.0 = Release|Any CPU
		{5CB17C72-0615-4780-ABA9-A44BA7E4D894}.Debug|Any CPU.ActiveCfg = Debug|Any CPU
		{5CB17C72-0615-4780-ABA9-A44BA7E4D894}.Debug|Any CPU.Build.0 = Debug|Any CPU
		{5CB17C72-0615-4780-ABA9-A44BA7E4D894}.Release|Any CPU.ActiveCfg = Release|Any CPU
		{5CB17C72-0615-4780-ABA9-A44BA7E4D894}.Release|Any CPU.Build.0 = Release|Any CPU
		{E1C04AC7-3002-4738-95C8-ACBA3F696071}.Debug|Any CPU.ActiveCfg = Debug|Any CPU
		{E1C04AC7-3002-4738-95C8-ACBA3F696071}.Debug|Any CPU.Build.0 = Debug|Any CPU
		{E1C04AC7-3002-4738-95C8-ACBA3F696071}.Release|Any CPU.ActiveCfg = Release|Any CPU
		{E1C04AC7-3002-4738-95C8-ACBA3F696071}.Release|Any CPU.Build.0 = Release|Any CPU
		{7536D5E8-D494-4936-B208-F3747C37CBD6}.Debug|Any CPU.ActiveCfg = Debug|Any CPU
		{7536D5E8-D494-4936-B208-F3747C37CBD6}.Debug|Any CPU.Build.0 = Debug|Any CPU
		{7536D5E8-D494-4936-B208-F3747C37CBD6}.Release|Any CPU.ActiveCfg = Release|Any CPU
		{7536D5E8-D494-4936-B208-F3747C37CBD6}.Release|Any CPU.Build.0 = Release|Any CPU
		{5CA28451-26E0-4DAC-BE67-65559C429ED6}.Debug|Any CPU.ActiveCfg = Debug|Any CPU
		{5CA28451-26E0-4DAC-BE67-65559C429ED6}.Debug|Any CPU.Build.0 = Debug|Any CPU
		{5CA28451-26E0-4DAC-BE67-65559C429ED6}.Release|Any CPU.ActiveCfg = Release|Any CPU
		{5CA28451-26E0-4DAC-BE67-65559C429ED6}.Release|Any CPU.Build.0 = Release|Any CPU
		{5264756B-96DF-4707-93DA-982ECE0D990D}.Debug|Any CPU.ActiveCfg = Debug|Any CPU
		{5264756B-96DF-4707-93DA-982ECE0D990D}.Debug|Any CPU.Build.0 = Debug|Any CPU
		{5264756B-96DF-4707-93DA-982ECE0D990D}.Release|Any CPU.ActiveCfg = Release|Any CPU
		{5264756B-96DF-4707-93DA-982ECE0D990D}.Release|Any CPU.Build.0 = Release|Any CPU
Задание_5
		{CAA60CB7-170C-4339-8B43-12B8E5191CA6}.Debug|Any CPU.ActiveCfg = Debug|Any CPU
		{CAA60CB7-170C-4339-8B43-12B8E5191CA6}.Debug|Any CPU.Build.0 = Debug|Any CPU
		{CAA60CB7-170C-4339-8B43-12B8E5191CA6}.Release|Any CPU.ActiveCfg = Release|Any CPU
		{CAA60CB7-170C-4339-8B43-12B8E5191CA6}.Release|Any CPU.Build.0 = Release|Any CPU
master
master
master
master
 master
 master
 master
master
	EndGlobalSection
	GlobalSection(SolutionProperties) = preSolution
		HideSolutionNode = FALSE
	EndGlobalSection
	GlobalSection(ExtensibilityGlobals) = postSolution
		SolutionGuid = {C129385D-2370-4BD7-8E10-9DD9E0DEDC79}
	EndGlobalSection
EndGlobal
