
Microsoft Visual Studio Solution File, Format Version 12.00
# Visual Studio Version 17
VisualStudioVersion = 17.10.35013.160
MinimumVisualStudioVersion = 10.0.40219.1
Project("{FAE04EC0-301F-11D3-BF4B-00C04F79EFBC}") = "Блок2_Занятие7_Задание2.7.1", "Блок2_Занятие7_Задание2.7.1\Блок2_Занятие7_Задание2.7.1.csproj", "{529E9B2B-8067-40EC-BCBB-74733EAEEEA8}"
EndProject
Global
	GlobalSection(SolutionConfigurationPlatforms) = preSolution
		Debug|Any CPU = Debug|Any CPU
		Release|Any CPU = Release|Any CPU
	EndGlobalSection
	GlobalSection(ProjectConfigurationPlatforms) = postSolution
		{529E9B2B-8067-40EC-BCBB-74733EAEEEA8}.Debug|Any CPU.ActiveCfg = Debug|Any CPU
		{529E9B2B-8067-40EC-BCBB-74733EAEEEA8}.Debug|Any CPU.Build.0 = Debug|Any CPU
		{529E9B2B-8067-40EC-BCBB-74733EAEEEA8}.Release|Any CPU.ActiveCfg = Release|Any CPU
		{529E9B2B-8067-40EC-BCBB-74733EAEEEA8}.Release|Any CPU.Build.0 = Release|Any CPU
	EndGlobalSection
	GlobalSection(SolutionProperties) = preSolution
		HideSolutionNode = FALSE
	EndGlobalSection
	GlobalSection(ExtensibilityGlobals) = postSolution
		SolutionGuid = {C129385D-2370-4BD7-8E10-9DD9E0DEDC79}
	EndGlobalSection
EndGlobal
